// !$*UTF8*$!
{
	archiveVersion = 1;
	classes = {
	};
	objectVersion = 50;
	objects = {

/* Begin PBXBuildFile section */
		B8C9E0AAF82F2B365E0C1AA1 /* Pods_CollectionKitPro.framework in Frameworks */ = {isa = PBXBuildFile; fileRef = BA7EA6641C9F735D3A9D48A7 /* Pods_CollectionKitPro.framework */; };
		C90CD4EE21CBEE2D00BA1CB7 /* AppDelegate.swift in Sources */ = {isa = PBXBuildFile; fileRef = C90CD4ED21CBEE2D00BA1CB7 /* AppDelegate.swift */; };
		C90CD4F221CBEE2E00BA1CB7 /* Assets.xcassets in Resources */ = {isa = PBXBuildFile; fileRef = C90CD4F121CBEE2E00BA1CB7 /* Assets.xcassets */; };
		C90CD4F521CBEE2E00BA1CB7 /* LaunchScreen.storyboard in Resources */ = {isa = PBXBuildFile; fileRef = C90CD4F321CBEE2E00BA1CB7 /* LaunchScreen.storyboard */; };
		C90CD4FF21CBEF5C00BA1CB7 /* CollectionKitKeys.swift in Sources */ = {isa = PBXBuildFile; fileRef = C90CD4FC21CBEF5C00BA1CB7 /* CollectionKitKeys.swift */; };
		C90CD50021CBEF5C00BA1CB7 /* DocumentSerializable.swift in Sources */ = {isa = PBXBuildFile; fileRef = C90CD4FD21CBEF5C00BA1CB7 /* DocumentSerializable.swift */; };
		C90CD50121CBEF5C00BA1CB7 /* CollectionViewController.swift in Sources */ = {isa = PBXBuildFile; fileRef = C90CD4FE21CBEF5C00BA1CB7 /* CollectionViewController.swift */; };
		C90CD50521CBEFBF00BA1CB7 /* NewsfeedControllerLayout.swift in Sources */ = {isa = PBXBuildFile; fileRef = C90CD50321CBEFBF00BA1CB7 /* NewsfeedControllerLayout.swift */; };
		C90CD50621CBEFBF00BA1CB7 /* NewsfeedController.swift in Sources */ = {isa = PBXBuildFile; fileRef = C90CD50421CBEFBF00BA1CB7 /* NewsfeedController.swift */; };
		C90CD50D21CBF05700BA1CB7 /* InstaPostsManager.swift in Sources */ = {isa = PBXBuildFile; fileRef = C90CD50921CBF05700BA1CB7 /* InstaPostsManager.swift */; };
		C90CD50E21CBF05700BA1CB7 /* InstaPostsHeaderCell.swift in Sources */ = {isa = PBXBuildFile; fileRef = C90CD50A21CBF05700BA1CB7 /* InstaPostsHeaderCell.swift */; };
		C90CD50F21CBF05700BA1CB7 /* InstaPostCell.swift in Sources */ = {isa = PBXBuildFile; fileRef = C90CD50B21CBF05700BA1CB7 /* InstaPostCell.swift */; };
		C90CD51021CBF05700BA1CB7 /* InstaPostsModels.swift in Sources */ = {isa = PBXBuildFile; fileRef = C90CD50C21CBF05700BA1CB7 /* InstaPostsModels.swift */; };
		C90CD53921CCFBBD00BA1CB7 /* FacebookPostsManager.swift in Sources */ = {isa = PBXBuildFile; fileRef = C90CD53521CCFBBD00BA1CB7 /* FacebookPostsManager.swift */; };
		C90CD53A21CCFBBD00BA1CB7 /* FacebookPostsHeaderCell.swift in Sources */ = {isa = PBXBuildFile; fileRef = C90CD53621CCFBBD00BA1CB7 /* FacebookPostsHeaderCell.swift */; };
		C90CD53B21CCFBBD00BA1CB7 /* FacebookPostCell.swift in Sources */ = {isa = PBXBuildFile; fileRef = C90CD53721CCFBBD00BA1CB7 /* FacebookPostCell.swift */; };
		C90CD53C21CCFBBD00BA1CB7 /* FacebookPostsModels.swift in Sources */ = {isa = PBXBuildFile; fileRef = C90CD53821CCFBBD00BA1CB7 /* FacebookPostsModels.swift */; };
		C90CD54921CCFC6800BA1CB7 /* FlatUIColorsSwift.xcassets in Resources */ = {isa = PBXBuildFile; fileRef = C90CD54621CCFC6800BA1CB7 /* FlatUIColorsSwift.xcassets */; };
		C90CD54A21CCFC6800BA1CB7 /* Palette Creators.rtf in Resources */ = {isa = PBXBuildFile; fileRef = C90CD54721CCFC6800BA1CB7 /* Palette Creators.rtf */; };
		C90CD54B21CCFC6800BA1CB7 /* FlatUIColorsSwift.swift in Sources */ = {isa = PBXBuildFile; fileRef = C90CD54821CCFC6800BA1CB7 /* FlatUIColorsSwift.swift */; };
/* End PBXBuildFile section */

/* Begin PBXFileReference section */
		5F7E3814D7697F27EFA880B8 /* Pods-CollectionKitPro.release.xcconfig */ = {isa = PBXFileReference; includeInIndex = 1; lastKnownFileType = text.xcconfig; name = "Pods-CollectionKitPro.release.xcconfig"; path = "Target Support Files/Pods-CollectionKitPro/Pods-CollectionKitPro.release.xcconfig"; sourceTree = "<group>"; };
		72016B9DB6D11D26500366BB /* Pods-CollectionKitPro.debug.xcconfig */ = {isa = PBXFileReference; includeInIndex = 1; lastKnownFileType = text.xcconfig; name = "Pods-CollectionKitPro.debug.xcconfig"; path = "Target Support Files/Pods-CollectionKitPro/Pods-CollectionKitPro.debug.xcconfig"; sourceTree = "<group>"; };
		BA7EA6641C9F735D3A9D48A7 /* Pods_CollectionKitPro.framework */ = {isa = PBXFileReference; explicitFileType = wrapper.framework; includeInIndex = 0; path = Pods_CollectionKitPro.framework; sourceTree = BUILT_PRODUCTS_DIR; };
		C90CD4EA21CBEE2D00BA1CB7 /* CollectionKitPro.app */ = {isa = PBXFileReference; explicitFileType = wrapper.application; includeInIndex = 0; path = CollectionKitPro.app; sourceTree = BUILT_PRODUCTS_DIR; };
		C90CD4ED21CBEE2D00BA1CB7 /* AppDelegate.swift */ = {isa = PBXFileReference; lastKnownFileType = sourcecode.swift; path = AppDelegate.swift; sourceTree = "<group>"; };
		C90CD4F121CBEE2E00BA1CB7 /* Assets.xcassets */ = {isa = PBXFileReference; lastKnownFileType = folder.assetcatalog; path = Assets.xcassets; sourceTree = "<group>"; };
		C90CD4F421CBEE2E00BA1CB7 /* Base */ = {isa = PBXFileReference; lastKnownFileType = file.storyboard; name = Base; path = Base.lproj/LaunchScreen.storyboard; sourceTree = "<group>"; };
		C90CD4F621CBEE2E00BA1CB7 /* Info.plist */ = {isa = PBXFileReference; lastKnownFileType = text.plist.xml; path = Info.plist; sourceTree = "<group>"; };
		C90CD4FC21CBEF5C00BA1CB7 /* CollectionKitKeys.swift */ = {isa = PBXFileReference; lastKnownFileType = sourcecode.swift; path = CollectionKitKeys.swift; sourceTree = "<group>"; };
		C90CD4FD21CBEF5C00BA1CB7 /* DocumentSerializable.swift */ = {isa = PBXFileReference; lastKnownFileType = sourcecode.swift; path = DocumentSerializable.swift; sourceTree = "<group>"; };
		C90CD4FE21CBEF5C00BA1CB7 /* CollectionViewController.swift */ = {isa = PBXFileReference; lastKnownFileType = sourcecode.swift; path = CollectionViewController.swift; sourceTree = "<group>"; };
		C90CD50321CBEFBF00BA1CB7 /* NewsfeedControllerLayout.swift */ = {isa = PBXFileReference; lastKnownFileType = sourcecode.swift; path = NewsfeedControllerLayout.swift; sourceTree = "<group>"; };
		C90CD50421CBEFBF00BA1CB7 /* NewsfeedController.swift */ = {isa = PBXFileReference; lastKnownFileType = sourcecode.swift; path = NewsfeedController.swift; sourceTree = "<group>"; };
		C90CD50921CBF05700BA1CB7 /* InstaPostsManager.swift */ = {isa = PBXFileReference; lastKnownFileType = sourcecode.swift; path = InstaPostsManager.swift; sourceTree = "<group>"; };
		C90CD50A21CBF05700BA1CB7 /* InstaPostsHeaderCell.swift */ = {isa = PBXFileReference; lastKnownFileType = sourcecode.swift; path = InstaPostsHeaderCell.swift; sourceTree = "<group>"; };
		C90CD50B21CBF05700BA1CB7 /* InstaPostCell.swift */ = {isa = PBXFileReference; lastKnownFileType = sourcecode.swift; path = InstaPostCell.swift; sourceTree = "<group>"; };
		C90CD50C21CBF05700BA1CB7 /* InstaPostsModels.swift */ = {isa = PBXFileReference; lastKnownFileType = sourcecode.swift; path = InstaPostsModels.swift; sourceTree = "<group>"; };
		C90CD53521CCFBBD00BA1CB7 /* FacebookPostsManager.swift */ = {isa = PBXFileReference; lastKnownFileType = sourcecode.swift; path = FacebookPostsManager.swift; sourceTree = "<group>"; };
		C90CD53621CCFBBD00BA1CB7 /* FacebookPostsHeaderCell.swift */ = {isa = PBXFileReference; lastKnownFileType = sourcecode.swift; path = FacebookPostsHeaderCell.swift; sourceTree = "<group>"; };
		C90CD53721CCFBBD00BA1CB7 /* FacebookPostCell.swift */ = {isa = PBXFileReference; lastKnownFileType = sourcecode.swift; path = FacebookPostCell.swift; sourceTree = "<group>"; };
		C90CD53821CCFBBD00BA1CB7 /* FacebookPostsModels.swift */ = {isa = PBXFileReference; lastKnownFileType = sourcecode.swift; path = FacebookPostsModels.swift; sourceTree = "<group>"; };
		C90CD54621CCFC6800BA1CB7 /* FlatUIColorsSwift.xcassets */ = {isa = PBXFileReference; lastKnownFileType = folder.assetcatalog; path = FlatUIColorsSwift.xcassets; sourceTree = "<group>"; };
		C90CD54721CCFC6800BA1CB7 /* Palette Creators.rtf */ = {isa = PBXFileReference; fileEncoding = 4; lastKnownFileType = text.rtf; path = "Palette Creators.rtf"; sourceTree = "<group>"; };
		C90CD54821CCFC6800BA1CB7 /* FlatUIColorsSwift.swift */ = {isa = PBXFileReference; fileEncoding = 4; lastKnownFileType = sourcecode.swift; path = FlatUIColorsSwift.swift; sourceTree = "<group>"; };
/* End PBXFileReference section */

/* Begin PBXFrameworksBuildPhase section */
		C90CD4E721CBEE2D00BA1CB7 /* Frameworks */ = {
			isa = PBXFrameworksBuildPhase;
			buildActionMask = 2147483647;
			files = (
				B8C9E0AAF82F2B365E0C1AA1 /* Pods_CollectionKitPro.framework in Frameworks */,
			);
			runOnlyForDeploymentPostprocessing = 0;
		};
/* End PBXFrameworksBuildPhase section */

/* Begin PBXGroup section */
		2E590DD126A08D99CA1EE35B /* Pods */ = {
			isa = PBXGroup;
			children = (
				72016B9DB6D11D26500366BB /* Pods-CollectionKitPro.debug.xcconfig */,
				5F7E3814D7697F27EFA880B8 /* Pods-CollectionKitPro.release.xcconfig */,
			);
			path = Pods;
			sourceTree = "<group>";
		};
		B22ECF6E93D916E7911B5C0A /* Frameworks */ = {
			isa = PBXGroup;
			children = (
				BA7EA6641C9F735D3A9D48A7 /* Pods_CollectionKitPro.framework */,
			);
			name = Frameworks;
			sourceTree = "<group>";
		};
		C90CD4E121CBEE2D00BA1CB7 = {
			isa = PBXGroup;
			children = (
				C90CD4EC21CBEE2D00BA1CB7 /* CollectionKitPro */,
				C90CD4EB21CBEE2D00BA1CB7 /* Products */,
				2E590DD126A08D99CA1EE35B /* Pods */,
				B22ECF6E93D916E7911B5C0A /* Frameworks */,
			);
			sourceTree = "<group>";
		};
		C90CD4EB21CBEE2D00BA1CB7 /* Products */ = {
			isa = PBXGroup;
			children = (
				C90CD4EA21CBEE2D00BA1CB7 /* CollectionKitPro.app */,
			);
			name = Products;
			sourceTree = "<group>";
		};
		C90CD4EC21CBEE2D00BA1CB7 /* CollectionKitPro */ = {
			isa = PBXGroup;
			children = (
				C90CD54521CCFC6800BA1CB7 /* FlatUIColorsSwift */,
				C90CD4ED21CBEE2D00BA1CB7 /* AppDelegate.swift */,
				C90CD4F121CBEE2E00BA1CB7 /* Assets.xcassets */,
				C90CD4F321CBEE2E00BA1CB7 /* LaunchScreen.storyboard */,
				C90CD4F621CBEE2E00BA1CB7 /* Info.plist */,
				C90CD50221CBEF6B00BA1CB7 /* BaseCollectionKit */,
				C90CD50721CBEFE700BA1CB7 /* NewsfeedController */,
			);
			path = CollectionKitPro;
			sourceTree = "<group>";
		};
		C90CD50221CBEF6B00BA1CB7 /* BaseCollectionKit */ = {
			isa = PBXGroup;
			children = (
				C90CD4FC21CBEF5C00BA1CB7 /* CollectionKitKeys.swift */,
				C90CD4FD21CBEF5C00BA1CB7 /* DocumentSerializable.swift */,
				C90CD4FE21CBEF5C00BA1CB7 /* CollectionViewController.swift */,
			);
			path = BaseCollectionKit;
			sourceTree = "<group>";
		};
		C90CD50721CBEFE700BA1CB7 /* NewsfeedController */ = {
			isa = PBXGroup;
			children = (
				C90CD50321CBEFBF00BA1CB7 /* NewsfeedControllerLayout.swift */,
				C90CD50421CBEFBF00BA1CB7 /* NewsfeedController.swift */,
				C90CD51121CBF05E00BA1CB7 /* InstaPostsSection */,
				C90CD53D21CCFBC500BA1CB7 /* FacebookPostsSection */,
			);
			path = NewsfeedController;
			sourceTree = "<group>";
		};
		C90CD51121CBF05E00BA1CB7 /* InstaPostsSection */ = {
			isa = PBXGroup;
			children = (
				C90CD50921CBF05700BA1CB7 /* InstaPostsManager.swift */,
				C90CD50A21CBF05700BA1CB7 /* InstaPostsHeaderCell.swift */,
				C90CD50B21CBF05700BA1CB7 /* InstaPostCell.swift */,
				C90CD50C21CBF05700BA1CB7 /* InstaPostsModels.swift */,
			);
			path = InstaPostsSection;
			sourceTree = "<group>";
		};
		C90CD53D21CCFBC500BA1CB7 /* FacebookPostsSection */ = {
			isa = PBXGroup;
			children = (
				C90CD53521CCFBBD00BA1CB7 /* FacebookPostsManager.swift */,
				C90CD53621CCFBBD00BA1CB7 /* FacebookPostsHeaderCell.swift */,
				C90CD53721CCFBBD00BA1CB7 /* FacebookPostCell.swift */,
				C90CD53821CCFBBD00BA1CB7 /* FacebookPostsModels.swift */,
			);
			path = FacebookPostsSection;
			sourceTree = "<group>";
		};
		C90CD54521CCFC6800BA1CB7 /* FlatUIColorsSwift */ = {
			isa = PBXGroup;
			children = (
				C90CD54621CCFC6800BA1CB7 /* FlatUIColorsSwift.xcassets */,
				C90CD54721CCFC6800BA1CB7 /* Palette Creators.rtf */,
				C90CD54821CCFC6800BA1CB7 /* FlatUIColorsSwift.swift */,
			);
			path = FlatUIColorsSwift;
			sourceTree = "<group>";
		};
/* End PBXGroup section */

/* Begin PBXNativeTarget section */
		C90CD4E921CBEE2D00BA1CB7 /* CollectionKitPro */ = {
			isa = PBXNativeTarget;
			buildConfigurationList = C90CD4F921CBEE2E00BA1CB7 /* Build configuration list for PBXNativeTarget "CollectionKitPro" */;
			buildPhases = (
				AF14AB21DE9DFBACE3053132 /* [CP] Check Pods Manifest.lock */,
				C90CD4E621CBEE2D00BA1CB7 /* Sources */,
				C90CD4E721CBEE2D00BA1CB7 /* Frameworks */,
				C90CD4E821CBEE2D00BA1CB7 /* Resources */,
				973DD5FD804EF6CEC5E12BA0 /* [CP] Embed Pods Frameworks */,
			);
			buildRules = (
			);
			dependencies = (
			);
			name = CollectionKitPro;
			productName = CollectionKitPro;
			productReference = C90CD4EA21CBEE2D00BA1CB7 /* CollectionKitPro.app */;
			productType = "com.apple.product-type.application";
		};
/* End PBXNativeTarget section */

/* Begin PBXProject section */
		C90CD4E221CBEE2D00BA1CB7 /* Project object */ = {
			isa = PBXProject;
			attributes = {
				LastSwiftUpdateCheck = 1010;
				LastUpgradeCheck = 1010;
				ORGANIZATIONNAME = "Alex Nagy";
				TargetAttributes = {
					C90CD4E921CBEE2D00BA1CB7 = {
						CreatedOnToolsVersion = 10.1;
					};
				};
			};
			buildConfigurationList = C90CD4E521CBEE2D00BA1CB7 /* Build configuration list for PBXProject "CollectionKitPro" */;
			compatibilityVersion = "Xcode 9.3";
			developmentRegion = en;
			hasScannedForEncodings = 0;
			knownRegions = (
				en,
				Base,
			);
			mainGroup = C90CD4E121CBEE2D00BA1CB7;
			productRefGroup = C90CD4EB21CBEE2D00BA1CB7 /* Products */;
			projectDirPath = "";
			projectRoot = "";
			targets = (
				C90CD4E921CBEE2D00BA1CB7 /* CollectionKitPro */,
			);
		};
/* End PBXProject section */

/* Begin PBXResourcesBuildPhase section */
		C90CD4E821CBEE2D00BA1CB7 /* Resources */ = {
			isa = PBXResourcesBuildPhase;
			buildActionMask = 2147483647;
			files = (
				C90CD54A21CCFC6800BA1CB7 /* Palette Creators.rtf in Resources */,
				C90CD4F221CBEE2E00BA1CB7 /* Assets.xcassets in Resources */,
				C90CD4F521CBEE2E00BA1CB7 /* LaunchScreen.storyboard in Resources */,
				C90CD54921CCFC6800BA1CB7 /* FlatUIColorsSwift.xcassets in Resources */,
			);
			runOnlyForDeploymentPostprocessing = 0;
		};
/* End PBXResourcesBuildPhase section */

/* Begin PBXShellScriptBuildPhase section */
		973DD5FD804EF6CEC5E12BA0 /* [CP] Embed Pods Frameworks */ = {
			isa = PBXShellScriptBuildPhase;
			buildActionMask = 2147483647;
			files = (
			);
			inputFileListPaths = (
			);
			inputPaths = (
				"${PODS_ROOT}/Target Support Files/Pods-CollectionKitPro/Pods-CollectionKitPro-frameworks.sh",
				"${BUILT_PRODUCTS_DIR}/CollectionKit/CollectionKit.framework",
				"${BUILT_PRODUCTS_DIR}/YetAnotherAnimationLibrary/YetAnotherAnimationLibrary.framework",
			);
			name = "[CP] Embed Pods Frameworks";
			outputFileListPaths = (
			);
			outputPaths = (
				"${TARGET_BUILD_DIR}/${FRAMEWORKS_FOLDER_PATH}/CollectionKit.framework",
				"${TARGET_BUILD_DIR}/${FRAMEWORKS_FOLDER_PATH}/YetAnotherAnimationLibrary.framework",
			);
			runOnlyForDeploymentPostprocessing = 0;
			shellPath = /bin/sh;
			shellScript = "\"${PODS_ROOT}/Target Support Files/Pods-CollectionKitPro/Pods-CollectionKitPro-frameworks.sh\"\n";
			showEnvVarsInLog = 0;
		};
		AF14AB21DE9DFBACE3053132 /* [CP] Check Pods Manifest.lock */ = {
			isa = PBXShellScriptBuildPhase;
			buildActionMask = 2147483647;
			files = (
			);
			inputFileListPaths = (
			);
			inputPaths = (
				"${PODS_PODFILE_DIR_PATH}/Podfile.lock",
				"${PODS_ROOT}/Manifest.lock",
			);
			name = "[CP] Check Pods Manifest.lock";
			outputFileListPaths = (
			);
			outputPaths = (
				"$(DERIVED_FILE_DIR)/Pods-CollectionKitPro-checkManifestLockResult.txt",
			);
			runOnlyForDeploymentPostprocessing = 0;
			shellPath = /bin/sh;
			shellScript = "diff \"${PODS_PODFILE_DIR_PATH}/Podfile.lock\" \"${PODS_ROOT}/Manifest.lock\" > /dev/null\nif [ $? != 0 ] ; then\n    # print error to STDERR\n    echo \"error: The sandbox is not in sync with the Podfile.lock. Run 'pod install' or update your CocoaPods installation.\" >&2\n    exit 1\nfi\n# This output is used by Xcode 'outputs' to avoid re-running this script phase.\necho \"SUCCESS\" > \"${SCRIPT_OUTPUT_FILE_0}\"\n";
			showEnvVarsInLog = 0;
		};
/* End PBXShellScriptBuildPhase section */

/* Begin PBXSourcesBuildPhase section */
		C90CD4E621CBEE2D00BA1CB7 /* Sources */ = {
			isa = PBXSourcesBuildPhase;
			buildActionMask = 2147483647;
			files = (
				C90CD53B21CCFBBD00BA1CB7 /* FacebookPostCell.swift in Sources */,
				C90CD53C21CCFBBD00BA1CB7 /* FacebookPostsModels.swift in Sources */,
				C90CD50121CBEF5C00BA1CB7 /* CollectionViewController.swift in Sources */,
				C90CD4FF21CBEF5C00BA1CB7 /* CollectionKitKeys.swift in Sources */,
				C90CD53921CCFBBD00BA1CB7 /* FacebookPostsManager.swift in Sources */,
				C90CD50D21CBF05700BA1CB7 /* InstaPostsManager.swift in Sources */,
				C90CD53A21CCFBBD00BA1CB7 /* FacebookPostsHeaderCell.swift in Sources */,
				C90CD51021CBF05700BA1CB7 /* InstaPostsModels.swift in Sources */,
				C90CD50521CBEFBF00BA1CB7 /* NewsfeedControllerLayout.swift in Sources */,
				C90CD50021CBEF5C00BA1CB7 /* DocumentSerializable.swift in Sources */,
				C90CD50621CBEFBF00BA1CB7 /* NewsfeedController.swift in Sources */,
				C90CD50E21CBF05700BA1CB7 /* InstaPostsHeaderCell.swift in Sources */,
				C90CD4EE21CBEE2D00BA1CB7 /* AppDelegate.swift in Sources */,
				C90CD50F21CBF05700BA1CB7 /* InstaPostCell.swift in Sources */,
				C90CD54B21CCFC6800BA1CB7 /* FlatUIColorsSwift.swift in Sources */,
			);
			runOnlyForDeploymentPostprocessing = 0;
		};
/* End PBXSourcesBuildPhase section */

/* Begin PBXVariantGroup section */
		C90CD4F321CBEE2E00BA1CB7 /* LaunchScreen.storyboard */ = {
			isa = PBXVariantGroup;
			children = (
				C90CD4F421CBEE2E00BA1CB7 /* Base */,
			);
			name = LaunchScreen.storyboard;
			sourceTree = "<group>";
		};
/* End PBXVariantGroup section */

/* Begin XCBuildConfiguration section */
		C90CD4F721CBEE2E00BA1CB7 /* Debug */ = {
			isa = XCBuildConfiguration;
			buildSettings = {
				ALWAYS_SEARCH_USER_PATHS = NO;
				CLANG_ANALYZER_NONNULL = YES;
				CLANG_ANALYZER_NUMBER_OBJECT_CONVERSION = YES_AGGRESSIVE;
				CLANG_CXX_LANGUAGE_STANDARD = "gnu++14";
				CLANG_CXX_LIBRARY = "libc++";
				CLANG_ENABLE_MODULES = YES;
				CLANG_ENABLE_OBJC_ARC = YES;
				CLANG_ENABLE_OBJC_WEAK = YES;
				CLANG_WARN_BLOCK_CAPTURE_AUTORELEASING = YES;
				CLANG_WARN_BOOL_CONVERSION = YES;
				CLANG_WARN_COMMA = YES;
				CLANG_WARN_CONSTANT_CONVERSION = YES;
				CLANG_WARN_DEPRECATED_OBJC_IMPLEMENTATIONS = YES;
				CLANG_WARN_DIRECT_OBJC_ISA_USAGE = YES_ERROR;
				CLANG_WARN_DOCUMENTATION_COMMENTS = YES;
				CLANG_WARN_EMPTY_BODY = YES;
				CLANG_WARN_ENUM_CONVERSION = YES;
				CLANG_WARN_INFINITE_RECURSION = YES;
				CLANG_WARN_INT_CONVERSION = YES;
				CLANG_WARN_NON_LITERAL_NULL_CONVERSION = YES;
				CLANG_WARN_OBJC_IMPLICIT_RETAIN_SELF = YES;
				CLANG_WARN_OBJC_LITERAL_CONVERSION = YES;
				CLANG_WARN_OBJC_ROOT_CLASS = YES_ERROR;
				CLANG_WARN_RANGE_LOOP_ANALYSIS = YES;
				CLANG_WARN_STRICT_PROTOTYPES = YES;
				CLANG_WARN_SUSPICIOUS_MOVE = YES;
				CLANG_WARN_UNGUARDED_AVAILABILITY = YES_AGGRESSIVE;
				CLANG_WARN_UNREACHABLE_CODE = YES;
				CLANG_WARN__DUPLICATE_METHOD_MATCH = YES;
				CODE_SIGN_IDENTITY = "iPhone Developer";
				COPY_PHASE_STRIP = NO;
				DEBUG_INFORMATION_FORMAT = dwarf;
				ENABLE_STRICT_OBJC_MSGSEND = YES;
				ENABLE_TESTABILITY = YES;
				GCC_C_LANGUAGE_STANDARD = gnu11;
				GCC_DYNAMIC_NO_PIC = NO;
				GCC_NO_COMMON_BLOCKS = YES;
				GCC_OPTIMIZATION_LEVEL = 0;
				GCC_PREPROCESSOR_DEFINITIONS = (
					"DEBUG=1",
					"$(inherited)",
				);
				GCC_WARN_64_TO_32_BIT_CONVERSION = YES;
				GCC_WARN_ABOUT_RETURN_TYPE = YES_ERROR;
				GCC_WARN_UNDECLARED_SELECTOR = YES;
				GCC_WARN_UNINITIALIZED_AUTOS = YES_AGGRESSIVE;
				GCC_WARN_UNUSED_FUNCTION = YES;
				GCC_WARN_UNUSED_VARIABLE = YES;
				IPHONEOS_DEPLOYMENT_TARGET = 12.1;
				MTL_ENABLE_DEBUG_INFO = INCLUDE_SOURCE;
				MTL_FAST_MATH = YES;
				ONLY_ACTIVE_ARCH = YES;
				SDKROOT = iphoneos;
				SWIFT_ACTIVE_COMPILATION_CONDITIONS = DEBUG;
				SWIFT_OPTIMIZATION_LEVEL = "-Onone";
			};
			name = Debug;
		};
		C90CD4F821CBEE2E00BA1CB7 /* Release */ = {
			isa = XCBuildConfiguration;
			buildSettings = {
				ALWAYS_SEARCH_USER_PATHS = NO;
				CLANG_ANALYZER_NONNULL = YES;
				CLANG_ANALYZER_NUMBER_OBJECT_CONVERSION = YES_AGGRESSIVE;
				CLANG_CXX_LANGUAGE_STANDARD = "gnu++14";
				CLANG_CXX_LIBRARY = "libc++";
				CLANG_ENABLE_MODULES = YES;
				CLANG_ENABLE_OBJC_ARC = YES;
				CLANG_ENABLE_OBJC_WEAK = YES;
				CLANG_WARN_BLOCK_CAPTURE_AUTORELEASING = YES;
				CLANG_WARN_BOOL_CONVERSION = YES;
				CLANG_WARN_COMMA = YES;
				CLANG_WARN_CONSTANT_CONVERSION = YES;
				CLANG_WARN_DEPRECATED_OBJC_IMPLEMENTATIONS = YES;
				CLANG_WARN_DIRECT_OBJC_ISA_USAGE = YES_ERROR;
				CLANG_WARN_DOCUMENTATION_COMMENTS = YES;
				CLANG_WARN_EMPTY_BODY = YES;
				CLANG_WARN_ENUM_CONVERSION = YES;
				CLANG_WARN_INFINITE_RECURSION = YES;
				CLANG_WARN_INT_CONVERSION = YES;
				CLANG_WARN_NON_LITERAL_NULL_CONVERSION = YES;
				CLANG_WARN_OBJC_IMPLICIT_RETAIN_SELF = YES;
				CLANG_WARN_OBJC_LITERAL_CONVERSION = YES;
				CLANG_WARN_OBJC_ROOT_CLASS = YES_ERROR;
				CLANG_WARN_RANGE_LOOP_ANALYSIS = YES;
				CLANG_WARN_STRICT_PROTOTYPES = YES;
				CLANG_WARN_SUSPICIOUS_MOVE = YES;
				CLANG_WARN_UNGUARDED_AVAILABILITY = YES_AGGRESSIVE;
				CLANG_WARN_UNREACHABLE_CODE = YES;
				CLANG_WARN__DUPLICATE_METHOD_MATCH = YES;
				CODE_SIGN_IDENTITY = "iPhone Developer";
				COPY_PHASE_STRIP = NO;
				DEBUG_INFORMATION_FORMAT = "dwarf-with-dsym";
				ENABLE_NS_ASSERTIONS = NO;
				ENABLE_STRICT_OBJC_MSGSEND = YES;
				GCC_C_LANGUAGE_STANDARD = gnu11;
				GCC_NO_COMMON_BLOCKS = YES;
				GCC_WARN_64_TO_32_BIT_CONVERSION = YES;
				GCC_WARN_ABOUT_RETURN_TYPE = YES_ERROR;
				GCC_WARN_UNDECLARED_SELECTOR = YES;
				GCC_WARN_UNINITIALIZED_AUTOS = YES_AGGRESSIVE;
				GCC_WARN_UNUSED_FUNCTION = YES;
				GCC_WARN_UNUSED_VARIABLE = YES;
				IPHONEOS_DEPLOYMENT_TARGET = 12.1;
				MTL_ENABLE_DEBUG_INFO = NO;
				MTL_FAST_MATH = YES;
				SDKROOT = iphoneos;
				SWIFT_COMPILATION_MODE = wholemodule;
				SWIFT_OPTIMIZATION_LEVEL = "-O";
				VALIDATE_PRODUCT = YES;
			};
			name = Release;
		};
		C90CD4FA21CBEE2E00BA1CB7 /* Debug */ = {
			isa = XCBuildConfiguration;
			baseConfigurationReference = 72016B9DB6D11D26500366BB /* Pods-CollectionKitPro.debug.xcconfig */;
			buildSettings = {
				ASSETCATALOG_COMPILER_APPICON_NAME = AppIcon;
				CODE_SIGN_STYLE = Automatic;
				DEVELOPMENT_TEAM = R252PR8AVU;
				INFOPLIST_FILE = CollectionKitPro/Info.plist;
				LD_RUNPATH_SEARCH_PATHS = (
					"$(inherited)",
					"@executable_path/Frameworks",
				);
				PRODUCT_BUNDLE_IDENTIFIER = com.Rebeloper.CollectionKitPro;
				PRODUCT_NAME = "$(TARGET_NAME)";
				SWIFT_VERSION = 4.2;
				TARGETED_DEVICE_FAMILY = "1,2";
			};
			name = Debug;
		};
		C90CD4FB21CBEE2E00BA1CB7 /* Release */ = {
			isa = XCBuildConfiguration;
			baseConfigurationReference = 5F7E3814D7697F27EFA880B8 /* Pods-CollectionKitPro.release.xcconfig */;
			buildSettings = {
				ASSETCATALOG_COMPILER_APPICON_NAME = AppIcon;
				CODE_SIGN_STYLE = Automatic;
				DEVELOPMENT_TEAM = R252PR8AVU;
				INFOPLIST_FILE = CollectionKitPro/Info.plist;
				LD_RUNPATH_SEARCH_PATHS = (
					"$(inherited)",
					"@executable_path/Frameworks",
				);
				PRODUCT_BUNDLE_IDENTIFIER = com.Rebeloper.CollectionKitPro;
				PRODUCT_NAME = "$(TARGET_NAME)";
				SWIFT_VERSION = 4.2;
				TARGETED_DEVICE_FAMILY = "1,2";
			};
			name = Release;
		};
/* End XCBuildConfiguration section */

/* Begin XCConfigurationList section */
		C90CD4E521CBEE2D00BA1CB7 /* Build configuration list for PBXProject "CollectionKitPro" */ = {
			isa = XCConfigurationList;
			buildConfigurations = (
				C90CD4F721CBEE2E00BA1CB7 /* Debug */,
				C90CD4F821CBEE2E00BA1CB7 /* Release */,
			);
			defaultConfigurationIsVisible = 0;
			defaultConfigurationName = Release;
		};
		C90CD4F921CBEE2E00BA1CB7 /* Build configuration list for PBXNativeTarget "CollectionKitPro" */ = {
			isa = XCConfigurationList;
			buildConfigurations = (
				C90CD4FA21CBEE2E00BA1CB7 /* Debug */,
				C90CD4FB21CBEE2E00BA1CB7 /* Release */,
			);
			defaultConfigurationIsVisible = 0;
			defaultConfigurationName = Release;
		};
/* End XCConfigurationList section */
	};
	rootObject = C90CD4E221CBEE2D00BA1CB7 /* Project object */;
}
